
Microsoft Visual Studio Solution File, Format Version 12.00
# Visual Studio 2013
VisualStudioVersion = 12.0.31101.0
MinimumVisualStudioVersion = 10.0.40219.1
Project("{FAE04EC0-301F-11D3-BF4B-00C04F79EFBC}") = "plmOS.Database.Memory", "plmOS.Database.Memory.csproj", "{40BE9A75-7D4D-4CA6-90BD-EE5D8D1EC370}"
EndProject
Project("{FAE04EC0-301F-11D3-BF4B-00C04F79EFBC}") = "plmOS.Database", "..\..\Database\plmOS.Database\plmOS.Database.csproj", "{B0366598-CBBD-4A25-8D03-B97572C61A08}"
EndProject
Global
	GlobalSection(SolutionConfigurationPlatforms) = preSolution
		Debug|Any CPU = Debug|Any CPU
		Release|Any CPU = Release|Any CPU
	EndGlobalSection
	GlobalSection(ProjectConfigurationPlatforms) = postSolution
		{40BE9A75-7D4D-4CA6-90BD-EE5D8D1EC370}.Debug|Any CPU.ActiveCfg = Debug|Any CPU
		{40BE9A75-7D4D-4CA6-90BD-EE5D8D1EC370}.Debug|Any CPU.Build.0 = Debug|Any CPU
		{40BE9A75-7D4D-4CA6-90BD-EE5D8D1EC370}.Release|Any CPU.ActiveCfg = Release|Any CPU
		{40BE9A75-7D4D-4CA6-90BD-EE5D8D1EC370}.Release|Any CPU.Build.0 = Release|Any CPU
		{B0366598-CBBD-4A25-8D03-B97572C61A08}.Debug|Any CPU.ActiveCfg = Debug|Any CPU
		{B0366598-CBBD-4A25-8D03-B97572C61A08}.Debug|Any CPU.Build.0 = Debug|Any CPU
		{B0366598-CBBD-4A25-8D03-B97572C61A08}.Release|Any CPU.ActiveCfg = Release|Any CPU
		{B0366598-CBBD-4A25-8D03-B97572C61A08}.Release|Any CPU.Build.0 = Release|Any CPU
	EndGlobalSection
	GlobalSection(SolutionProperties) = preSolution
		HideSolutionNode = FALSE
	EndGlobalSection
EndGlobal
